
Microsoft Visual Studio Solution File, Format Version 12.00
# Visual Studio Version 17
VisualStudioVersion = 17.8.34525.116
MinimumVisualStudioVersion = 10.0.40219.1
Project("{FAE04EC0-301F-11D3-BF4B-00C04F79EFBC}") = "AlegreJamirTabirao_FinalActivity2", "Tabirao_FinalActivity2\AlegreJamirTabirao_FinalActivity2.csproj", "{4BCAB981-546F-4F5D-8623-59E3F453E903}"
EndProject
Project("{FAE04EC0-301F-11D3-BF4B-00C04F79EFBC}") = "DataHelperDB", "DataHelperDB\DataHelperDB.csproj", "{4AD2AF37-15A7-4486-B3FC-287E98A55592}"
EndProject
Global
	GlobalSection(SolutionConfigurationPlatforms) = preSolution
		Debug|Any CPU = Debug|Any CPU
		Release|Any CPU = Release|Any CPU
	EndGlobalSection
	GlobalSection(ProjectConfigurationPlatforms) = postSolution
		{4BCAB981-546F-4F5D-8623-59E3F453E903}.Debug|Any CPU.ActiveCfg = Debug|Any CPU
		{4BCAB981-546F-4F5D-8623-59E3F453E903}.Debug|Any CPU.Build.0 = Debug|Any CPU
		{4BCAB981-546F-4F5D-8623-59E3F453E903}.Release|Any CPU.ActiveCfg = Release|Any CPU
		{4BCAB981-546F-4F5D-8623-59E3F453E903}.Release|Any CPU.Build.0 = Release|Any CPU
		{4AD2AF37-15A7-4486-B3FC-287E98A55592}.Debug|Any CPU.ActiveCfg = Debug|Any CPU
		{4AD2AF37-15A7-4486-B3FC-287E98A55592}.Debug|Any CPU.Build.0 = Debug|Any CPU
		{4AD2AF37-15A7-4486-B3FC-287E98A55592}.Release|Any CPU.ActiveCfg = Release|Any CPU
		{4AD2AF37-15A7-4486-B3FC-287E98A55592}.Release|Any CPU.Build.0 = Release|Any CPU
	EndGlobalSection
	GlobalSection(SolutionProperties) = preSolution
		HideSolutionNode = FALSE
	EndGlobalSection
	GlobalSection(ExtensibilityGlobals) = postSolution
		SolutionGuid = {25758E81-FF37-40F7-ADFA-D80F3525D6BE}
	EndGlobalSection
EndGlobal
